<?xml version="1.0" encoding="utf-8"?>
<Project ToolsVersion="4.0" xmlns="http://schemas.microsoft.com/developer/msbuild/2003">
  <ItemGroup>
    <Filter Include="IOCP_CORE">
      <UniqueIdentifier>{a97a2378-d71b-4e6f-9024-93c82394de0c}</UniqueIdentifier>
    </Filter>
  </ItemGroup>
  <ItemGroup>
    <ClInclude Include="IOCP_CORE.h">
      <Filter>IOCP_CORE</Filter>
    </ClInclude>
    <ClInclude Include="Include.h">
      <Filter>IOCP_CORE</Filter>
    </ClInclude>
  </ItemGroup>
  <ItemGroup>
    <ClCompile Include="IOCP_CORE.cpp">
      <Filter>IOCP_CORE</Filter>
    </ClCompile>
  </ItemGroup>
</Project>